
Microsoft Visual Studio Solution File, Format Version 12.00
# Visual Studio Version 16
VisualStudioVersion = 16.0.30011.22
MinimumVisualStudioVersion = 10.0.40219.1
Project("{FAE04EC0-301F-11D3-BF4B-00C04F79EFBC}") = "projeto_teste", "projeto_teste\projeto_teste.csproj", "{4D58A6AA-7B6F-400F-A481-5A165BE188BE}"
EndProject
Global
	GlobalSection(SolutionConfigurationPlatforms) = preSolution
		Debug|Any CPU = Debug|Any CPU
		Release|Any CPU = Release|Any CPU
	EndGlobalSection
	GlobalSection(ProjectConfigurationPlatforms) = postSolution
		{4D58A6AA-7B6F-400F-A481-5A165BE188BE}.Debug|Any CPU.ActiveCfg = Debug|Any CPU
		{4D58A6AA-7B6F-400F-A481-5A165BE188BE}.Debug|Any CPU.Build.0 = Debug|Any CPU
		{4D58A6AA-7B6F-400F-A481-5A165BE188BE}.Release|Any CPU.ActiveCfg = Release|Any CPU
		{4D58A6AA-7B6F-400F-A481-5A165BE188BE}.Release|Any CPU.Build.0 = Release|Any CPU
	EndGlobalSection
	GlobalSection(SolutionProperties) = preSolution
		HideSolutionNode = FALSE
	EndGlobalSection
	GlobalSection(ExtensibilityGlobals) = postSolution
		SolutionGuid = {19CAAA57-D26A-449A-B97A-04A7FDABF073}
	EndGlobalSection
EndGlobal
